
Microsoft Visual Studio Solution File, Format Version 12.00
# Visual Studio Version 17
VisualStudioVersion = 17.1.32421.90
MinimumVisualStudioVersion = 10.0.40219.1
Project("{FAE04EC0-301F-11D3-BF4B-00C04F79EFBC}") = "Shopping.Client", "Shopping.Client\Shopping.Client.csproj", "{A36772D5-E4AD-4617-81E9-CB77345AB0C8}"
EndProject
Project("{FAE04EC0-301F-11D3-BF4B-00C04F79EFBC}") = "Shopping.API", "Shopping.API\Shopping.API.csproj", "{D2029114-632E-4E53-9616-FA629F4B37E7}"
EndProject
Global
	GlobalSection(SolutionConfigurationPlatforms) = preSolution
		Debug|Any CPU = Debug|Any CPU
		Release|Any CPU = Release|Any CPU
	EndGlobalSection
	GlobalSection(ProjectConfigurationPlatforms) = postSolution
		{A36772D5-E4AD-4617-81E9-CB77345AB0C8}.Debug|Any CPU.ActiveCfg = Debug|Any CPU
		{A36772D5-E4AD-4617-81E9-CB77345AB0C8}.Debug|Any CPU.Build.0 = Debug|Any CPU
		{A36772D5-E4AD-4617-81E9-CB77345AB0C8}.Release|Any CPU.ActiveCfg = Release|Any CPU
		{A36772D5-E4AD-4617-81E9-CB77345AB0C8}.Release|Any CPU.Build.0 = Release|Any CPU
		{D2029114-632E-4E53-9616-FA629F4B37E7}.Debug|Any CPU.ActiveCfg = Debug|Any CPU
		{D2029114-632E-4E53-9616-FA629F4B37E7}.Debug|Any CPU.Build.0 = Debug|Any CPU
		{D2029114-632E-4E53-9616-FA629F4B37E7}.Release|Any CPU.ActiveCfg = Release|Any CPU
		{D2029114-632E-4E53-9616-FA629F4B37E7}.Release|Any CPU.Build.0 = Release|Any CPU
	EndGlobalSection
	GlobalSection(SolutionProperties) = preSolution
		HideSolutionNode = FALSE
	EndGlobalSection
	GlobalSection(ExtensibilityGlobals) = postSolution
		SolutionGuid = {18570F13-5E15-41FB-8584-53F2FDEA2F09}
	EndGlobalSection
EndGlobal
