
Microsoft Visual Studio Solution File, Format Version 12.00
# Visual Studio Version 17
VisualStudioVersion = 17.1.32421.90
MinimumVisualStudioVersion = 10.0.40219.1
Project("{9A19103F-16F7-4668-BE54-9A1E7A4F7556}") = "Shopping.Client", "Shopping.Client\Shopping.Client.csproj", "{E3680044-718B-43D5-A295-7C148F5ABD75}"
EndProject
Project("{FAE04EC0-301F-11D3-BF4B-00C04F79EFBC}") = "Shopping.API", "Shopping.API\Shopping.API.csproj", "{EBF577BD-F35E-4E2E-9829-7B53A0EB984D}"
EndProject
Global
	GlobalSection(SolutionConfigurationPlatforms) = preSolution
		Debug|Any CPU = Debug|Any CPU
		Release|Any CPU = Release|Any CPU
	EndGlobalSection
	GlobalSection(ProjectConfigurationPlatforms) = postSolution
		{E3680044-718B-43D5-A295-7C148F5ABD75}.Debug|Any CPU.ActiveCfg = Debug|Any CPU
		{E3680044-718B-43D5-A295-7C148F5ABD75}.Debug|Any CPU.Build.0 = Debug|Any CPU
		{E3680044-718B-43D5-A295-7C148F5ABD75}.Release|Any CPU.ActiveCfg = Release|Any CPU
		{E3680044-718B-43D5-A295-7C148F5ABD75}.Release|Any CPU.Build.0 = Release|Any CPU
		{EBF577BD-F35E-4E2E-9829-7B53A0EB984D}.Debug|Any CPU.ActiveCfg = Debug|Any CPU
		{EBF577BD-F35E-4E2E-9829-7B53A0EB984D}.Debug|Any CPU.Build.0 = Debug|Any CPU
		{EBF577BD-F35E-4E2E-9829-7B53A0EB984D}.Release|Any CPU.ActiveCfg = Release|Any CPU
		{EBF577BD-F35E-4E2E-9829-7B53A0EB984D}.Release|Any CPU.Build.0 = Release|Any CPU
	EndGlobalSection
	GlobalSection(SolutionProperties) = preSolution
		HideSolutionNode = FALSE
	EndGlobalSection
	GlobalSection(ExtensibilityGlobals) = postSolution
		SolutionGuid = {772D62C7-F084-49D7-8738-D0D390FE62E5}
	EndGlobalSection
EndGlobal
